{
  "name": "get-stats-for-our-lives",
  "version": "1.0.0",
  "lockfileVersion": 1,
  "requires": true,
  "dependencies": {
    "@types/geojson": {
      "version": "7946.0.2",
      "resolved": "https://registry.npmjs.org/@types/geojson/-/geojson-7946.0.2.tgz",
      "integrity": "sha512-JuRe9eeID7XvL7viIcFqIAAXDLfyRcImIWE/XjBIhrUZjxX5z4fLcF3QXS9zYnvIn8mmtW/7OxDV3XC8QMb7OA=="
    },
    "@types/leaflet": {
      "version": "1.2.6",
      "resolved": "https://registry.npmjs.org/@types/leaflet/-/leaflet-1.2.6.tgz",
      "integrity": "sha512-q/XnLjPZn0KQavfc5V3bq/EH7q0Pb5s3CeDxXmcvXwZ1+wSZTz5g5fdps4TX9EQ+wYprnu4U4s6ryq1mED2hXQ==",
      "requires": {
        "@types/geojson": "7946.0.2"
      }
    }
  }
}
